
Microsoft Visual Studio Solution File, Format Version 12.00
# Visual Studio Version 17
VisualStudioVersion = 17.6.33723.286
MinimumVisualStudioVersion = 10.0.40219.1
Project("{FAE04EC0-301F-11D3-BF4B-00C04F79EFBC}") = "PlusNumberGame", "PlusNumberGame.csproj", "{5C596BF7-6508-46E7-A822-AF293A3476D1}"
EndProject
Global
	GlobalSection(SolutionConfigurationPlatforms) = preSolution
		Debug|Any CPU = Debug|Any CPU
		Release|Any CPU = Release|Any CPU
	EndGlobalSection
	GlobalSection(ProjectConfigurationPlatforms) = postSolution
		{5C596BF7-6508-46E7-A822-AF293A3476D1}.Debug|Any CPU.ActiveCfg = Debug|Any CPU
		{5C596BF7-6508-46E7-A822-AF293A3476D1}.Debug|Any CPU.Build.0 = Debug|Any CPU
		{5C596BF7-6508-46E7-A822-AF293A3476D1}.Release|Any CPU.ActiveCfg = Release|Any CPU
		{5C596BF7-6508-46E7-A822-AF293A3476D1}.Release|Any CPU.Build.0 = Release|Any CPU
	EndGlobalSection
	GlobalSection(SolutionProperties) = preSolution
		HideSolutionNode = FALSE
	EndGlobalSection
	GlobalSection(ExtensibilityGlobals) = postSolution
		SolutionGuid = {6001F814-7737-495A-86FB-E4C7659A4D95}
	EndGlobalSection
EndGlobal
