
Microsoft Visual Studio Solution File, Format Version 12.00
# Visual Studio Version 17
VisualStudioVersion = 17.6.33723.286
MinimumVisualStudioVersion = 10.0.40219.1
Project("{FAE04EC0-301F-11D3-BF4B-00C04F79EFBC}") = "Shop_Inventory_Make", "Shop_Inventory_Make.csproj", "{0F26F045-4CED-4561-990D-714380074DBA}"
EndProject
Global
	GlobalSection(SolutionConfigurationPlatforms) = preSolution
		Debug|Any CPU = Debug|Any CPU
		Release|Any CPU = Release|Any CPU
	EndGlobalSection
	GlobalSection(ProjectConfigurationPlatforms) = postSolution
		{0F26F045-4CED-4561-990D-714380074DBA}.Debug|Any CPU.ActiveCfg = Debug|Any CPU
		{0F26F045-4CED-4561-990D-714380074DBA}.Debug|Any CPU.Build.0 = Debug|Any CPU
		{0F26F045-4CED-4561-990D-714380074DBA}.Release|Any CPU.ActiveCfg = Release|Any CPU
		{0F26F045-4CED-4561-990D-714380074DBA}.Release|Any CPU.Build.0 = Release|Any CPU
	EndGlobalSection
	GlobalSection(SolutionProperties) = preSolution
		HideSolutionNode = FALSE
	EndGlobalSection
	GlobalSection(ExtensibilityGlobals) = postSolution
		SolutionGuid = {FEEFDEED-E94F-4B06-9695-94FC9B4D07BC}
	EndGlobalSection
EndGlobal
