
Microsoft Visual Studio Solution File, Format Version 12.00
# Visual Studio Version 17
VisualStudioVersion = 17.6.33723.286
MinimumVisualStudioVersion = 10.0.40219.1
Project("{FAE04EC0-301F-11D3-BF4B-00C04F79EFBC}") = "LittlePoketMon_Game", "LittlePoketMon_Game.csproj", "{A5E05292-B1BA-41E4-B234-EEF3DC9B8C91}"
EndProject
Global
	GlobalSection(SolutionConfigurationPlatforms) = preSolution
		Debug|Any CPU = Debug|Any CPU
		Release|Any CPU = Release|Any CPU
	EndGlobalSection
	GlobalSection(ProjectConfigurationPlatforms) = postSolution
		{A5E05292-B1BA-41E4-B234-EEF3DC9B8C91}.Debug|Any CPU.ActiveCfg = Debug|Any CPU
		{A5E05292-B1BA-41E4-B234-EEF3DC9B8C91}.Debug|Any CPU.Build.0 = Debug|Any CPU
		{A5E05292-B1BA-41E4-B234-EEF3DC9B8C91}.Release|Any CPU.ActiveCfg = Release|Any CPU
		{A5E05292-B1BA-41E4-B234-EEF3DC9B8C91}.Release|Any CPU.Build.0 = Release|Any CPU
	EndGlobalSection
	GlobalSection(SolutionProperties) = preSolution
		HideSolutionNode = FALSE
	EndGlobalSection
	GlobalSection(ExtensibilityGlobals) = postSolution
		SolutionGuid = {F8524060-F6B1-4C6D-B7D4-6D1DB4222167}
	EndGlobalSection
EndGlobal
